dependencies:
- name: postgresql
  repository: https://charts.bitnami.com/bitnami
  version: 18.2.0
- name: prometheus-adapter
  repository: https://prometheus-community.github.io/helm-charts
  version: 4.11.0
- name: opentelemetry-collector
  repository: https://open-telemetry.github.io/opentelemetry-helm-charts
  version: 0.110.0
digest: sha256:4efe97e7047bb4e80929665a2c1b42b7ffb70d54984cd15dab07749fbe5aa9b5
generated: "2026-05-02T16:43:41.991142+03:00"
